
Microsoft Visual Studio Solution File, Format Version 12.00
# Visual Studio Version 17
VisualStudioVersion = 17.2.32616.157
MinimumVisualStudioVersion = 10.0.40219.1
Project("{2150E333-8FDC-42A3-9474-1A3956D46DE8}") = "src", "src", "{1AD0E24E-8720-43D3-B603-4D5607B79439}"
EndProject
Project("{9A19103F-16F7-4668-BE54-9A1E7A4F7556}") = "Thermon.Computrace.Web.Api", "src\Thermon.Computrace.Web.Api\Thermon.Computrace.Web.Api.csproj", "{828C08D4-0B65-476F-A810-B207BE571488}"
EndProject
Project("{9A19103F-16F7-4668-BE54-9A1E7A4F7556}") = "Thermon.Computrace.Web.Application", "src\Thermon.Computrace.Web.Application\Thermon.Computrace.Web.Application.csproj", "{7B0A52E9-BF25-4B6A-9629-85D5AC4685BD}"
EndProject
Project("{9A19103F-16F7-4668-BE54-9A1E7A4F7556}") = "Thermon.Computrace.Web.Core", "src\Thermon.Computrace.Web.Core\Thermon.Computrace.Web.Core.csproj", "{F424D9DA-DEAC-44D5-BE13-032A8CC43295}"
EndProject
Project("{9A19103F-16F7-4668-BE54-9A1E7A4F7556}") = "Thermon.Computrace.Web.Infrastructure", "src\Thermon.Computrace.Web.Infrastructure\Thermon.Computrace.Web.Infrastructure.csproj", "{A779EFED-0258-43F3-8881-D6FE0239D9D5}"
EndProject
Project("{2150E333-8FDC-42A3-9474-1A3956D46DE8}") = "Core", "Core", "{D1CD8239-C433-4B6D-9BCC-AB5F1CD54F1D}"
EndProject
Project("{2150E333-8FDC-42A3-9474-1A3956D46DE8}") = "Infraestructure", "Infraestructure", "{443B0917-8A3A-49C8-AD1F-EBA9CC31B466}"
EndProject
Project("{2150E333-8FDC-42A3-9474-1A3956D46DE8}") = "Api", "Api", "{1311730B-0D4C-44ED-AE84-0711594FA672}"
EndProject
Project("{2150E333-8FDC-42A3-9474-1A3956D46DE8}") = "Common", "Common", "{18F35A71-104E-4C8E-8CA7-D64E4B1E351E}"
EndProject
Project("{2150E333-8FDC-42A3-9474-1A3956D46DE8}") = "test", "test", "{36136B02-CA11-4629-95E9-05DB4DE8F190}"
EndProject
Project("{9A19103F-16F7-4668-BE54-9A1E7A4F7556}") = "Thermon.Computrace.IntegrationTest", "Thermon.Computrace.IntegrationTest\Thermon.Computrace.IntegrationTest.csproj", "{ECC93DC8-9C7A-4216-B950-33C48D013766}"
EndProject
Project("{FAE04EC0-301F-11D3-BF4B-00C04F79EFBC}") = "Thermon.Computrace.Web.Common", "Thermon.Computrace.Web.Common\Thermon.Computrace.Web.Common.csproj", "{3669F15E-E7FC-4764-AFC5-1BC43E3EA589}"
EndProject
Global
	GlobalSection(SolutionConfigurationPlatforms) = preSolution
		Debug|Any CPU = Debug|Any CPU
		Debug|x64 = Debug|x64
		Debug|x86 = Debug|x86
		Release|Any CPU = Release|Any CPU
		Release|x64 = Release|x64
		Release|x86 = Release|x86
	EndGlobalSection
	GlobalSection(ProjectConfigurationPlatforms) = postSolution
		{828C08D4-0B65-476F-A810-B207BE571488}.Debug|Any CPU.ActiveCfg = Debug|Any CPU
		{828C08D4-0B65-476F-A810-B207BE571488}.Debug|Any CPU.Build.0 = Debug|Any CPU
		{828C08D4-0B65-476F-A810-B207BE571488}.Debug|x64.ActiveCfg = Debug|Any CPU
		{828C08D4-0B65-476F-A810-B207BE571488}.Debug|x64.Build.0 = Debug|Any CPU
		{828C08D4-0B65-476F-A810-B207BE571488}.Debug|x86.ActiveCfg = Debug|Any CPU
		{828C08D4-0B65-476F-A810-B207BE571488}.Debug|x86.Build.0 = Debug|Any CPU
		{828C08D4-0B65-476F-A810-B207BE571488}.Release|Any CPU.ActiveCfg = Release|Any CPU
		{828C08D4-0B65-476F-A810-B207BE571488}.Release|Any CPU.Build.0 = Release|Any CPU
		{828C08D4-0B65-476F-A810-B207BE571488}.Release|x64.ActiveCfg = Release|Any CPU
		{828C08D4-0B65-476F-A810-B207BE571488}.Release|x64.Build.0 = Release|Any CPU
		{828C08D4-0B65-476F-A810-B207BE571488}.Release|x86.ActiveCfg = Release|Any CPU
		{828C08D4-0B65-476F-A810-B207BE571488}.Release|x86.Build.0 = Release|Any CPU
		{7B0A52E9-BF25-4B6A-9629-85D5AC4685BD}.Debug|Any CPU.ActiveCfg = Debug|Any CPU
		{7B0A52E9-BF25-4B6A-9629-85D5AC4685BD}.Debug|Any CPU.Build.0 = Debug|Any CPU
		{7B0A52E9-BF25-4B6A-9629-85D5AC4685BD}.Debug|x64.ActiveCfg = Debug|Any CPU
		{7B0A52E9-BF25-4B6A-9629-85D5AC4685BD}.Debug|x64.Build.0 = Debug|Any CPU
		{7B0A52E9-BF25-4B6A-9629-85D5AC4685BD}.Debug|x86.ActiveCfg = Debug|Any CPU
		{7B0A52E9-BF25-4B6A-9629-85D5AC4685BD}.Debug|x86.Build.0 = Debug|Any CPU
		{7B0A52E9-BF25-4B6A-9629-85D5AC4685BD}.Release|Any CPU.ActiveCfg = Release|Any CPU
		{7B0A52E9-BF25-4B6A-9629-85D5AC4685BD}.Release|Any CPU.Build.0 = Release|Any CPU
		{7B0A52E9-BF25-4B6A-9629-85D5AC4685BD}.Release|x64.ActiveCfg = Release|Any CPU
		{7B0A52E9-BF25-4B6A-9629-85D5AC4685BD}.Release|x64.Build.0 = Release|Any CPU
		{7B0A52E9-BF25-4B6A-9629-85D5AC4685BD}.Release|x86.ActiveCfg = Release|Any CPU
		{7B0A52E9-BF25-4B6A-9629-85D5AC4685BD}.Release|x86.Build.0 = Release|Any CPU
		{F424D9DA-DEAC-44D5-BE13-032A8CC43295}.Debug|Any CPU.ActiveCfg = Debug|Any CPU
		{F424D9DA-DEAC-44D5-BE13-032A8CC43295}.Debug|Any CPU.Build.0 = Debug|Any CPU
		{F424D9DA-DEAC-44D5-BE13-032A8CC43295}.Debug|x64.ActiveCfg = Debug|Any CPU
		{F424D9DA-DEAC-44D5-BE13-032A8CC43295}.Debug|x64.Build.0 = Debug|Any CPU
		{F424D9DA-DEAC-44D5-BE13-032A8CC43295}.Debug|x86.ActiveCfg = Debug|Any CPU
		{F424D9DA-DEAC-44D5-BE13-032A8CC43295}.Debug|x86.Build.0 = Debug|Any CPU
		{F424D9DA-DEAC-44D5-BE13-032A8CC43295}.Release|Any CPU.ActiveCfg = Release|Any CPU
		{F424D9DA-DEAC-44D5-BE13-032A8CC43295}.Release|Any CPU.Build.0 = Release|Any CPU
		{F424D9DA-DEAC-44D5-BE13-032A8CC43295}.Release|x64.ActiveCfg = Release|Any CPU
		{F424D9DA-DEAC-44D5-BE13-032A8CC43295}.Release|x64.Build.0 = Release|Any CPU
		{F424D9DA-DEAC-44D5-BE13-032A8CC43295}.Release|x86.ActiveCfg = Release|Any CPU
		{F424D9DA-DEAC-44D5-BE13-032A8CC43295}.Release|x86.Build.0 = Release|Any CPU
		{A779EFED-0258-43F3-8881-D6FE0239D9D5}.Debug|Any CPU.ActiveCfg = Debug|Any CPU
		{A779EFED-0258-43F3-8881-D6FE0239D9D5}.Debug|Any CPU.Build.0 = Debug|Any CPU
		{A779EFED-0258-43F3-8881-D6FE0239D9D5}.Debug|x64.ActiveCfg = Debug|Any CPU
		{A779EFED-0258-43F3-8881-D6FE0239D9D5}.Debug|x64.Build.0 = Debug|Any CPU
		{A779EFED-0258-43F3-8881-D6FE0239D9D5}.Debug|x86.ActiveCfg = Debug|Any CPU
		{A779EFED-0258-43F3-8881-D6FE0239D9D5}.Debug|x86.Build.0 = Debug|Any CPU
		{A779EFED-0258-43F3-8881-D6FE0239D9D5}.Release|Any CPU.ActiveCfg = Release|Any CPU
		{A779EFED-0258-43F3-8881-D6FE0239D9D5}.Release|Any CPU.Build.0 = Release|Any CPU
		{A779EFED-0258-43F3-8881-D6FE0239D9D5}.Release|x64.ActiveCfg = Release|Any CPU
		{A779EFED-0258-43F3-8881-D6FE0239D9D5}.Release|x64.Build.0 = Release|Any CPU
		{A779EFED-0258-43F3-8881-D6FE0239D9D5}.Release|x86.ActiveCfg = Release|Any CPU
		{A779EFED-0258-43F3-8881-D6FE0239D9D5}.Release|x86.Build.0 = Release|Any CPU
		{ECC93DC8-9C7A-4216-B950-33C48D013766}.Debug|Any CPU.ActiveCfg = Debug|Any CPU
		{ECC93DC8-9C7A-4216-B950-33C48D013766}.Debug|Any CPU.Build.0 = Debug|Any CPU
		{ECC93DC8-9C7A-4216-B950-33C48D013766}.Debug|x64.ActiveCfg = Debug|Any CPU
		{ECC93DC8-9C7A-4216-B950-33C48D013766}.Debug|x64.Build.0 = Debug|Any CPU
		{ECC93DC8-9C7A-4216-B950-33C48D013766}.Debug|x86.ActiveCfg = Debug|Any CPU
		{ECC93DC8-9C7A-4216-B950-33C48D013766}.Debug|x86.Build.0 = Debug|Any CPU
		{ECC93DC8-9C7A-4216-B950-33C48D013766}.Release|Any CPU.ActiveCfg = Release|Any CPU
		{ECC93DC8-9C7A-4216-B950-33C48D013766}.Release|Any CPU.Build.0 = Release|Any CPU
		{ECC93DC8-9C7A-4216-B950-33C48D013766}.Release|x64.ActiveCfg = Release|Any CPU
		{ECC93DC8-9C7A-4216-B950-33C48D013766}.Release|x64.Build.0 = Release|Any CPU
		{ECC93DC8-9C7A-4216-B950-33C48D013766}.Release|x86.ActiveCfg = Release|Any CPU
		{ECC93DC8-9C7A-4216-B950-33C48D013766}.Release|x86.Build.0 = Release|Any CPU
		{3669F15E-E7FC-4764-AFC5-1BC43E3EA589}.Debug|Any CPU.ActiveCfg = Debug|Any CPU
		{3669F15E-E7FC-4764-AFC5-1BC43E3EA589}.Debug|Any CPU.Build.0 = Debug|Any CPU
		{3669F15E-E7FC-4764-AFC5-1BC43E3EA589}.Debug|x64.ActiveCfg = Debug|Any CPU
		{3669F15E-E7FC-4764-AFC5-1BC43E3EA589}.Debug|x64.Build.0 = Debug|Any CPU
		{3669F15E-E7FC-4764-AFC5-1BC43E3EA589}.Debug|x86.ActiveCfg = Debug|Any CPU
		{3669F15E-E7FC-4764-AFC5-1BC43E3EA589}.Debug|x86.Build.0 = Debug|Any CPU
		{3669F15E-E7FC-4764-AFC5-1BC43E3EA589}.Release|Any CPU.ActiveCfg = Release|Any CPU
		{3669F15E-E7FC-4764-AFC5-1BC43E3EA589}.Release|Any CPU.Build.0 = Release|Any CPU
		{3669F15E-E7FC-4764-AFC5-1BC43E3EA589}.Release|x64.ActiveCfg = Release|Any CPU
		{3669F15E-E7FC-4764-AFC5-1BC43E3EA589}.Release|x64.Build.0 = Release|Any CPU
		{3669F15E-E7FC-4764-AFC5-1BC43E3EA589}.Release|x86.ActiveCfg = Release|Any CPU
		{3669F15E-E7FC-4764-AFC5-1BC43E3EA589}.Release|x86.Build.0 = Release|Any CPU
	EndGlobalSection
	GlobalSection(SolutionProperties) = preSolution
		HideSolutionNode = FALSE
	EndGlobalSection
	GlobalSection(NestedProjects) = preSolution
		{828C08D4-0B65-476F-A810-B207BE571488} = {1311730B-0D4C-44ED-AE84-0711594FA672}
		{7B0A52E9-BF25-4B6A-9629-85D5AC4685BD} = {D1CD8239-C433-4B6D-9BCC-AB5F1CD54F1D}
		{F424D9DA-DEAC-44D5-BE13-032A8CC43295} = {D1CD8239-C433-4B6D-9BCC-AB5F1CD54F1D}
		{A779EFED-0258-43F3-8881-D6FE0239D9D5} = {443B0917-8A3A-49C8-AD1F-EBA9CC31B466}
		{D1CD8239-C433-4B6D-9BCC-AB5F1CD54F1D} = {1AD0E24E-8720-43D3-B603-4D5607B79439}
		{443B0917-8A3A-49C8-AD1F-EBA9CC31B466} = {1AD0E24E-8720-43D3-B603-4D5607B79439}
		{1311730B-0D4C-44ED-AE84-0711594FA672} = {1AD0E24E-8720-43D3-B603-4D5607B79439}
		{18F35A71-104E-4C8E-8CA7-D64E4B1E351E} = {1AD0E24E-8720-43D3-B603-4D5607B79439}
		{ECC93DC8-9C7A-4216-B950-33C48D013766} = {36136B02-CA11-4629-95E9-05DB4DE8F190}
		{3669F15E-E7FC-4764-AFC5-1BC43E3EA589} = {18F35A71-104E-4C8E-8CA7-D64E4B1E351E}
	EndGlobalSection
	GlobalSection(ExtensibilityGlobals) = postSolution
		SolutionGuid = {FA01A039-3A93-4702-83FF-AFACAA1D96DD}
	EndGlobalSection
EndGlobal
